
Microsoft Visual Studio Solution File, Format Version 12.00
# Visual Studio Version 16
VisualStudioVersion = 16.0.30804.86
MinimumVisualStudioVersion = 10.0.40219.1
Project("{9A19103F-16F7-4668-BE54-9A1E7A4F7556}") = "Calculator", "Calculator.csproj", "{04C192F9-E5F1-452D-A3FA-10107DC7F8D4}"
EndProject
Project("{9A19103F-16F7-4668-BE54-9A1E7A4F7556}") = "CalculatorTests", "..\CalculatorTests\CalculatorTests.csproj", "{EDC57AC8-5B4D-45E2-BB53-152292CBF201}"
EndProject
Global
	GlobalSection(SolutionConfigurationPlatforms) = preSolution
		Debug|Any CPU = Debug|Any CPU
		Release|Any CPU = Release|Any CPU
	EndGlobalSection
	GlobalSection(ProjectConfigurationPlatforms) = postSolution
		{04C192F9-E5F1-452D-A3FA-10107DC7F8D4}.Debug|Any CPU.ActiveCfg = Debug|Any CPU
		{04C192F9-E5F1-452D-A3FA-10107DC7F8D4}.Debug|Any CPU.Build.0 = Debug|Any CPU
		{04C192F9-E5F1-452D-A3FA-10107DC7F8D4}.Release|Any CPU.ActiveCfg = Release|Any CPU
		{04C192F9-E5F1-452D-A3FA-10107DC7F8D4}.Release|Any CPU.Build.0 = Release|Any CPU
		{EDC57AC8-5B4D-45E2-BB53-152292CBF201}.Debug|Any CPU.ActiveCfg = Debug|Any CPU
		{EDC57AC8-5B4D-45E2-BB53-152292CBF201}.Debug|Any CPU.Build.0 = Debug|Any CPU
		{EDC57AC8-5B4D-45E2-BB53-152292CBF201}.Release|Any CPU.ActiveCfg = Release|Any CPU
		{EDC57AC8-5B4D-45E2-BB53-152292CBF201}.Release|Any CPU.Build.0 = Release|Any CPU
	EndGlobalSection
	GlobalSection(SolutionProperties) = preSolution
		HideSolutionNode = FALSE
	EndGlobalSection
	GlobalSection(ExtensibilityGlobals) = postSolution
		SolutionGuid = {B8CC7B12-BF1A-42B1-B003-B60A74DAE449}
	EndGlobalSection
EndGlobal
